
Microsoft Visual Studio Solution File, Format Version 12.00
# Visual Studio 15
VisualStudioVersion = 15.0.28307.1321
MinimumVisualStudioVersion = 10.0.40219.1
Project("{FAE04EC0-301F-11D3-BF4B-00C04F79EFBC}") = "PersonalSiteMVC.UI", "PersonalSiteMVC.UI\PersonalSiteMVC.UI.csproj", "{550E822C-8310-4DF5-AD8F-73BBC1647AE8}"
EndProject
Global
	GlobalSection(SolutionConfigurationPlatforms) = preSolution
		Debug|Any CPU = Debug|Any CPU
		Release|Any CPU = Release|Any CPU
	EndGlobalSection
	GlobalSection(ProjectConfigurationPlatforms) = postSolution
		{550E822C-8310-4DF5-AD8F-73BBC1647AE8}.Debug|Any CPU.ActiveCfg = Debug|Any CPU
		{550E822C-8310-4DF5-AD8F-73BBC1647AE8}.Debug|Any CPU.Build.0 = Debug|Any CPU
		{550E822C-8310-4DF5-AD8F-73BBC1647AE8}.Release|Any CPU.ActiveCfg = Release|Any CPU
		{550E822C-8310-4DF5-AD8F-73BBC1647AE8}.Release|Any CPU.Build.0 = Release|Any CPU
	EndGlobalSection
	GlobalSection(SolutionProperties) = preSolution
		HideSolutionNode = FALSE
	EndGlobalSection
	GlobalSection(ExtensibilityGlobals) = postSolution
		SolutionGuid = {F4B402D0-A405-48A7-9444-D59807F941D6}
	EndGlobalSection
EndGlobal
